<?xml version="1.0" encoding="utf-8"?>
<Project ToolsVersion="4.0" xmlns="http://schemas.microsoft.com/developer/msbuild/2003">
  <ItemGroup>
    <Filter Include="Source Files">
      <UniqueIdentifier>{4FC737F1-C7A5-4376-A066-2A32D752A2FF}</UniqueIdentifier>
      <Extensions>cpp;c;cc;cxx;def;odl;idl;hpj;bat;asm;asmx</Extensions>
    </Filter>
    <Filter Include="Header Files">
      <UniqueIdentifier>{93995380-89BD-4b04-88EB-625FBE52EBFB}</UniqueIdentifier>
      <Extensions>h;hpp;hxx;hm;inl;inc;xsd</Extensions>
    </Filter>
    <Filter Include="Resource Files">
      <UniqueIdentifier>{67DA6AB6-F800-4c08-8B7A-83BB121AAD01}</UniqueIdentifier>
      <Extensions>rc;ico;cur;bmp;dlg;rc2;rct;bin;rgs;gif;jpg;jpeg;jpe;resx;tiff;tif;png;wav;mfcribbon-ms</Extensions>
    </Filter>
  </ItemGroup>
  <ItemGroup>
    <None Include="ReadMe.txt" />
    <None Include="GSMModemLibrary.def">
      <Filter>Source Files</Filter>
    </None>
    <None Include="ClassDiagram1.cd" />
    <None Include="ClassDiagram2.cd" />
    <None Include="ClassDiagram3.cd" />
  </ItemGroup>
  <ItemGroup>
    <ClInclude Include="stdafx.h">
      <Filter>Header Files</Filter>
    </ClInclude>
    <ClInclude Include="targetver.h">
      <Filter>Header Files</Filter>
    </ClInclude>
    <ClInclude Include="GSMModemLibrary.h">
      <Filter>Header Files</Filter>
    </ClInclude>
    <ClInclude Include="ModemManager.h">
      <Filter>Header Files</Filter>
    </ClInclude>
    <ClInclude Include="ATCommandManager.h">
      <Filter>Header Files</Filter>
    </ClInclude>
    <ClInclude Include="SMSEncoder.h">
      <Filter>Header Files</Filter>
    </ClInclude>
    <ClInclude Include="ModemData.h">
      <Filter>Header Files</Filter>
    </ClInclude>
    <ClInclude Include="InputWord.h">
      <Filter>Header Files</Filter>
    </ClInclude>
    <ClInclude Include="TransformTables.h">
      <Filter>Header Files</Filter>
    </ClInclude>
    <ClInclude Include="SubjectIndicator.h">
      <Filter>Header Files</Filter>
    </ClInclude>
    <ClInclude Include="InputSMSinformation.h">
      <Filter>Header Files</Filter>
    </ClInclude>
    <ClInclude Include="MultiPartMessageManager.h">
      <Filter>Header Files</Filter>
    </ClInclude>
    <ClInclude Include="MultiPartMessage.h">
      <Filter>Header Files</Filter>
    </ClInclude>
    <ClInclude Include="MessagePart.h">
      <Filter>Header Files</Filter>
    </ClInclude>
    <ClInclude Include="SMSData.h">
      <Filter>Header Files</Filter>
    </ClInclude>
    <ClInclude Include="Errors.h">
      <Filter>Header Files</Filter>
    </ClInclude>
  </ItemGroup>
  <ItemGroup>
    <ClCompile Include="stdafx.cpp">
      <Filter>Source Files</Filter>
    </ClCompile>
    <ClCompile Include="GSMModemLibrary.cpp">
      <Filter>Source Files</Filter>
    </ClCompile>
    <ClCompile Include="dllmain.cpp">
      <Filter>Source Files</Filter>
    </ClCompile>
    <ClCompile Include="ModemManager.cpp">
      <Filter>Source Files</Filter>
    </ClCompile>
    <ClCompile Include="ATCommandManager.cpp">
      <Filter>Source Files</Filter>
    </ClCompile>
    <ClCompile Include="SMSEncoder.cpp">
      <Filter>Source Files</Filter>
    </ClCompile>
    <ClCompile Include="ModemData.cpp">
      <Filter>Source Files</Filter>
    </ClCompile>
    <ClCompile Include="InputWord.cpp">
      <Filter>Source Files</Filter>
    </ClCompile>
    <ClCompile Include="SubjectIndicator.cpp">
      <Filter>Source Files</Filter>
    </ClCompile>
    <ClCompile Include="InputSMSinformation.cpp">
      <Filter>Source Files</Filter>
    </ClCompile>
    <ClCompile Include="MultiPartMessageManager.cpp">
      <Filter>Source Files</Filter>
    </ClCompile>
    <ClCompile Include="MultiPartMessage.cpp">
      <Filter>Source Files</Filter>
    </ClCompile>
    <ClCompile Include="MessagePart.cpp">
      <Filter>Source Files</Filter>
    </ClCompile>
    <ClCompile Include="SMSData.cpp">
      <Filter>Source Files</Filter>
    </ClCompile>
  </ItemGroup>
</Project>