
Microsoft Visual Studio Solution File, Format Version 11.00
# Visual C++ Express 2010
Project("{8BC9CEB8-8B4A-11D0-8D11-00A0C91BC942}") = "calibrateWiimote", "calibrateWiimote\calibrateWiimote.vcxproj", "{7563F66C-624C-4060-92D6-7DDB97497ECA}"
EndProject
Project("{8BC9CEB8-8B4A-11D0-8D11-00A0C91BC942}") = "wiiSolveExtrinsic", "wiiSolveExtrinsic\wiiSolveExtrinsic.vcxproj", "{CD6A3DDA-6E6F-4C4F-8787-9532106EB7D7}"
EndProject
Project("{8BC9CEB8-8B4A-11D0-8D11-00A0C91BC942}") = "wiiTestPoses", "wiiTestPoses\wiiTestPoses.vcxproj", "{26115F0F-65E5-417B-94FF-328FB2A8950B}"
EndProject
Global
	GlobalSection(SolutionConfigurationPlatforms) = preSolution
		Debug|Win32 = Debug|Win32
		Release|Win32 = Release|Win32
	EndGlobalSection
	GlobalSection(ProjectConfigurationPlatforms) = postSolution
		{7563F66C-624C-4060-92D6-7DDB97497ECA}.Debug|Win32.ActiveCfg = Debug|Win32
		{7563F66C-624C-4060-92D6-7DDB97497ECA}.Debug|Win32.Build.0 = Debug|Win32
		{7563F66C-624C-4060-92D6-7DDB97497ECA}.Release|Win32.ActiveCfg = Release|Win32
		{7563F66C-624C-4060-92D6-7DDB97497ECA}.Release|Win32.Build.0 = Release|Win32
		{CD6A3DDA-6E6F-4C4F-8787-9532106EB7D7}.Debug|Win32.ActiveCfg = Debug|Win32
		{CD6A3DDA-6E6F-4C4F-8787-9532106EB7D7}.Debug|Win32.Build.0 = Debug|Win32
		{CD6A3DDA-6E6F-4C4F-8787-9532106EB7D7}.Release|Win32.ActiveCfg = Release|Win32
		{CD6A3DDA-6E6F-4C4F-8787-9532106EB7D7}.Release|Win32.Build.0 = Release|Win32
		{26115F0F-65E5-417B-94FF-328FB2A8950B}.Debug|Win32.ActiveCfg = Debug|Win32
		{26115F0F-65E5-417B-94FF-328FB2A8950B}.Debug|Win32.Build.0 = Debug|Win32
		{26115F0F-65E5-417B-94FF-328FB2A8950B}.Release|Win32.ActiveCfg = Release|Win32
		{26115F0F-65E5-417B-94FF-328FB2A8950B}.Release|Win32.Build.0 = Release|Win32
	EndGlobalSection
	GlobalSection(SolutionProperties) = preSolution
		HideSolutionNode = FALSE
	EndGlobalSection
EndGlobal
