Microsoft Visual Studio Solution File, Format Version 11.00
# Visual Studio 2010
Project("{FAE04EC0-301F-11D3-BF4B-00C04F79EFBC}") = "ACS", "ACS\ACS.csproj", "{E6F99D63-FDE7-4FD6-9EDA-EAB6361B0C4F}"
EndProject
Project("{FAE04EC0-301F-11D3-BF4B-00C04F79EFBC}") = "ASAPI.NET", "ASAPI.NET\ASAPI.NET.csproj", "{DC1F3F8C-9030-4F55-A4C0-F53D2B9EAD1B}"
EndProject
Project("{FAE04EC0-301F-11D3-BF4B-00C04F79EFBC}") = "WPG", "WPG\WPG.csproj", "{022EDA6A-0B76-44C3-A530-8312C1B40030}"
EndProject
Project("{2150E333-8FDC-42A3-9474-1A3956D46DE8}") = "Solution Items", "Solution Items", "{D9C4CE4C-82D6-47AA-A7A9-F8B1E2FDAA92}"
	ProjectSection(SolutionItems) = preProject
		ACS.vsmdi = ACS.vsmdi
		Local.testsettings = Local.testsettings
		TraceAndTestImpact.testsettings = TraceAndTestImpact.testsettings
	EndProjectSection
EndProject
Project("{6141683F-8A12-4E36-9623-2EB02B2C2303}") = "AsTeRICS Setup", "AsTeRICS Setup\AsTeRICS Setup.isproj", "{9F6C6B29-33C2-462F-AC15-D82CD63E0387}"
EndProject
Global
	GlobalSection(SubversionScc) = preSolution
		Svn-Managed = True
		Manager = AnkhSVN - Subversion Support for Visual Studio
	EndGlobalSection
	GlobalSection(TestCaseManagementSettings) = postSolution
		CategoryFile = ACS.vsmdi
	EndGlobalSection
	GlobalSection(SolutionConfigurationPlatforms) = preSolution
		CD_ROM|Any CPU = CD_ROM|Any CPU
		CD_ROM|Mixed Platforms = CD_ROM|Mixed Platforms
		CD_ROM|x86 = CD_ROM|x86
		Debug|Any CPU = Debug|Any CPU
		Debug|Mixed Platforms = Debug|Mixed Platforms
		Debug|x86 = Debug|x86
		DVD-5|Any CPU = DVD-5|Any CPU
		DVD-5|Mixed Platforms = DVD-5|Mixed Platforms
		DVD-5|x86 = DVD-5|x86
		Part1|Any CPU = Part1|Any CPU
		Part1|Mixed Platforms = Part1|Mixed Platforms
		Part1|x86 = Part1|x86
		Release|Any CPU = Release|Any CPU
		Release|Mixed Platforms = Release|Mixed Platforms
		Release|x86 = Release|x86
		SingleImage|Any CPU = SingleImage|Any CPU
		SingleImage|Mixed Platforms = SingleImage|Mixed Platforms
		SingleImage|x86 = SingleImage|x86
	EndGlobalSection
	GlobalSection(ProjectConfigurationPlatforms) = postSolution
		{E6F99D63-FDE7-4FD6-9EDA-EAB6361B0C4F}.CD_ROM|Any CPU.ActiveCfg = Release|x86
		{E6F99D63-FDE7-4FD6-9EDA-EAB6361B0C4F}.CD_ROM|Mixed Platforms.ActiveCfg = Release|x86
		{E6F99D63-FDE7-4FD6-9EDA-EAB6361B0C4F}.CD_ROM|Mixed Platforms.Build.0 = Release|x86
		{E6F99D63-FDE7-4FD6-9EDA-EAB6361B0C4F}.CD_ROM|x86.ActiveCfg = Release|x86
		{E6F99D63-FDE7-4FD6-9EDA-EAB6361B0C4F}.CD_ROM|x86.Build.0 = Release|x86
		{E6F99D63-FDE7-4FD6-9EDA-EAB6361B0C4F}.Debug|Any CPU.ActiveCfg = Debug|x86
		{E6F99D63-FDE7-4FD6-9EDA-EAB6361B0C4F}.Debug|Mixed Platforms.ActiveCfg = Debug|x86
		{E6F99D63-FDE7-4FD6-9EDA-EAB6361B0C4F}.Debug|Mixed Platforms.Build.0 = Debug|x86
		{E6F99D63-FDE7-4FD6-9EDA-EAB6361B0C4F}.Debug|x86.ActiveCfg = Debug|x86
		{E6F99D63-FDE7-4FD6-9EDA-EAB6361B0C4F}.Debug|x86.Build.0 = Debug|x86
		{E6F99D63-FDE7-4FD6-9EDA-EAB6361B0C4F}.DVD-5|Any CPU.ActiveCfg = Debug|x86
		{E6F99D63-FDE7-4FD6-9EDA-EAB6361B0C4F}.DVD-5|Mixed Platforms.ActiveCfg = Debug|x86
		{E6F99D63-FDE7-4FD6-9EDA-EAB6361B0C4F}.DVD-5|Mixed Platforms.Build.0 = Debug|x86
		{E6F99D63-FDE7-4FD6-9EDA-EAB6361B0C4F}.DVD-5|x86.ActiveCfg = Debug|x86
		{E6F99D63-FDE7-4FD6-9EDA-EAB6361B0C4F}.DVD-5|x86.Build.0 = Debug|x86
		{E6F99D63-FDE7-4FD6-9EDA-EAB6361B0C4F}.Part1|Any CPU.ActiveCfg = Release|x86
		{E6F99D63-FDE7-4FD6-9EDA-EAB6361B0C4F}.Part1|Mixed Platforms.ActiveCfg = Release|x86
		{E6F99D63-FDE7-4FD6-9EDA-EAB6361B0C4F}.Part1|Mixed Platforms.Build.0 = Release|x86
		{E6F99D63-FDE7-4FD6-9EDA-EAB6361B0C4F}.Part1|x86.ActiveCfg = Release|x86
		{E6F99D63-FDE7-4FD6-9EDA-EAB6361B0C4F}.Part1|x86.Build.0 = Release|x86
		{E6F99D63-FDE7-4FD6-9EDA-EAB6361B0C4F}.Release|Any CPU.ActiveCfg = Release|x86
		{E6F99D63-FDE7-4FD6-9EDA-EAB6361B0C4F}.Release|Mixed Platforms.ActiveCfg = Release|x86
		{E6F99D63-FDE7-4FD6-9EDA-EAB6361B0C4F}.Release|Mixed Platforms.Build.0 = Release|x86
		{E6F99D63-FDE7-4FD6-9EDA-EAB6361B0C4F}.Release|x86.ActiveCfg = Release|x86
		{E6F99D63-FDE7-4FD6-9EDA-EAB6361B0C4F}.Release|x86.Build.0 = Release|x86
		{E6F99D63-FDE7-4FD6-9EDA-EAB6361B0C4F}.SingleImage|Any CPU.ActiveCfg = Release|x86
		{E6F99D63-FDE7-4FD6-9EDA-EAB6361B0C4F}.SingleImage|Mixed Platforms.ActiveCfg = Release|x86
		{E6F99D63-FDE7-4FD6-9EDA-EAB6361B0C4F}.SingleImage|Mixed Platforms.Build.0 = Release|x86
		{E6F99D63-FDE7-4FD6-9EDA-EAB6361B0C4F}.SingleImage|x86.ActiveCfg = Release|x86
		{E6F99D63-FDE7-4FD6-9EDA-EAB6361B0C4F}.SingleImage|x86.Build.0 = Release|x86
		{DC1F3F8C-9030-4F55-A4C0-F53D2B9EAD1B}.CD_ROM|Any CPU.ActiveCfg = Release|Any CPU
		{DC1F3F8C-9030-4F55-A4C0-F53D2B9EAD1B}.CD_ROM|Any CPU.Build.0 = Release|Any CPU
		{DC1F3F8C-9030-4F55-A4C0-F53D2B9EAD1B}.CD_ROM|Mixed Platforms.ActiveCfg = Release|Any CPU
		{DC1F3F8C-9030-4F55-A4C0-F53D2B9EAD1B}.CD_ROM|Mixed Platforms.Build.0 = Release|Any CPU
		{DC1F3F8C-9030-4F55-A4C0-F53D2B9EAD1B}.CD_ROM|x86.ActiveCfg = Release|Any CPU
		{DC1F3F8C-9030-4F55-A4C0-F53D2B9EAD1B}.Debug|Any CPU.ActiveCfg = Debug|Any CPU
		{DC1F3F8C-9030-4F55-A4C0-F53D2B9EAD1B}.Debug|Any CPU.Build.0 = Debug|Any CPU
		{DC1F3F8C-9030-4F55-A4C0-F53D2B9EAD1B}.Debug|Mixed Platforms.ActiveCfg = Debug|Any CPU
		{DC1F3F8C-9030-4F55-A4C0-F53D2B9EAD1B}.Debug|Mixed Platforms.Build.0 = Debug|Any CPU
		{DC1F3F8C-9030-4F55-A4C0-F53D2B9EAD1B}.Debug|x86.ActiveCfg = Debug|Any CPU
		{DC1F3F8C-9030-4F55-A4C0-F53D2B9EAD1B}.DVD-5|Any CPU.ActiveCfg = Debug|Any CPU
		{DC1F3F8C-9030-4F55-A4C0-F53D2B9EAD1B}.DVD-5|Any CPU.Build.0 = Debug|Any CPU
		{DC1F3F8C-9030-4F55-A4C0-F53D2B9EAD1B}.DVD-5|Mixed Platforms.ActiveCfg = Debug|Any CPU
		{DC1F3F8C-9030-4F55-A4C0-F53D2B9EAD1B}.DVD-5|Mixed Platforms.Build.0 = Debug|Any CPU
		{DC1F3F8C-9030-4F55-A4C0-F53D2B9EAD1B}.DVD-5|x86.ActiveCfg = Debug|Any CPU
		{DC1F3F8C-9030-4F55-A4C0-F53D2B9EAD1B}.Part1|Any CPU.ActiveCfg = Release|Any CPU
		{DC1F3F8C-9030-4F55-A4C0-F53D2B9EAD1B}.Part1|Any CPU.Build.0 = Release|Any CPU
		{DC1F3F8C-9030-4F55-A4C0-F53D2B9EAD1B}.Part1|Mixed Platforms.ActiveCfg = Release|Any CPU
		{DC1F3F8C-9030-4F55-A4C0-F53D2B9EAD1B}.Part1|Mixed Platforms.Build.0 = Release|Any CPU
		{DC1F3F8C-9030-4F55-A4C0-F53D2B9EAD1B}.Part1|x86.ActiveCfg = Release|Any CPU
		{DC1F3F8C-9030-4F55-A4C0-F53D2B9EAD1B}.Release|Any CPU.ActiveCfg = Release|Any CPU
		{DC1F3F8C-9030-4F55-A4C0-F53D2B9EAD1B}.Release|Any CPU.Build.0 = Release|Any CPU
		{DC1F3F8C-9030-4F55-A4C0-F53D2B9EAD1B}.Release|Mixed Platforms.ActiveCfg = Release|Any CPU
		{DC1F3F8C-9030-4F55-A4C0-F53D2B9EAD1B}.Release|Mixed Platforms.Build.0 = Release|Any CPU
		{DC1F3F8C-9030-4F55-A4C0-F53D2B9EAD1B}.Release|x86.ActiveCfg = Release|Any CPU
		{DC1F3F8C-9030-4F55-A4C0-F53D2B9EAD1B}.SingleImage|Any CPU.ActiveCfg = Release|Any CPU
		{DC1F3F8C-9030-4F55-A4C0-F53D2B9EAD1B}.SingleImage|Any CPU.Build.0 = Release|Any CPU
		{DC1F3F8C-9030-4F55-A4C0-F53D2B9EAD1B}.SingleImage|Mixed Platforms.ActiveCfg = Release|Any CPU
		{DC1F3F8C-9030-4F55-A4C0-F53D2B9EAD1B}.SingleImage|Mixed Platforms.Build.0 = Release|Any CPU
		{DC1F3F8C-9030-4F55-A4C0-F53D2B9EAD1B}.SingleImage|x86.ActiveCfg = Release|Any CPU
		{022EDA6A-0B76-44C3-A530-8312C1B40030}.CD_ROM|Any CPU.ActiveCfg = Part1|Any CPU
		{022EDA6A-0B76-44C3-A530-8312C1B40030}.CD_ROM|Any CPU.Build.0 = Part1|Any CPU
		{022EDA6A-0B76-44C3-A530-8312C1B40030}.CD_ROM|Mixed Platforms.ActiveCfg = Part1|Any CPU
		{022EDA6A-0B76-44C3-A530-8312C1B40030}.CD_ROM|Mixed Platforms.Build.0 = Part1|Any CPU
		{022EDA6A-0B76-44C3-A530-8312C1B40030}.CD_ROM|x86.ActiveCfg = Part1|Any CPU
		{022EDA6A-0B76-44C3-A530-8312C1B40030}.Debug|Any CPU.ActiveCfg = Debug|Any CPU
		{022EDA6A-0B76-44C3-A530-8312C1B40030}.Debug|Any CPU.Build.0 = Debug|Any CPU
		{022EDA6A-0B76-44C3-A530-8312C1B40030}.Debug|Mixed Platforms.ActiveCfg = Debug|Any CPU
		{022EDA6A-0B76-44C3-A530-8312C1B40030}.Debug|Mixed Platforms.Build.0 = Debug|Any CPU
		{022EDA6A-0B76-44C3-A530-8312C1B40030}.Debug|x86.ActiveCfg = Debug|Any CPU
		{022EDA6A-0B76-44C3-A530-8312C1B40030}.DVD-5|Any CPU.ActiveCfg = Debug|Any CPU
		{022EDA6A-0B76-44C3-A530-8312C1B40030}.DVD-5|Any CPU.Build.0 = Debug|Any CPU
		{022EDA6A-0B76-44C3-A530-8312C1B40030}.DVD-5|Mixed Platforms.ActiveCfg = Debug|Any CPU
		{022EDA6A-0B76-44C3-A530-8312C1B40030}.DVD-5|Mixed Platforms.Build.0 = Debug|Any CPU
		{022EDA6A-0B76-44C3-A530-8312C1B40030}.DVD-5|x86.ActiveCfg = Debug|Any CPU
		{022EDA6A-0B76-44C3-A530-8312C1B40030}.Part1|Any CPU.ActiveCfg = Part1|Any CPU
		{022EDA6A-0B76-44C3-A530-8312C1B40030}.Part1|Any CPU.Build.0 = Part1|Any CPU
		{022EDA6A-0B76-44C3-A530-8312C1B40030}.Part1|Mixed Platforms.ActiveCfg = Part1|Any CPU
		{022EDA6A-0B76-44C3-A530-8312C1B40030}.Part1|Mixed Platforms.Build.0 = Part1|Any CPU
		{022EDA6A-0B76-44C3-A530-8312C1B40030}.Part1|x86.ActiveCfg = Part1|Any CPU
		{022EDA6A-0B76-44C3-A530-8312C1B40030}.Release|Any CPU.ActiveCfg = Release|Any CPU
		{022EDA6A-0B76-44C3-A530-8312C1B40030}.Release|Any CPU.Build.0 = Release|Any CPU
		{022EDA6A-0B76-44C3-A530-8312C1B40030}.Release|Mixed Platforms.ActiveCfg = Release|Any CPU
		{022EDA6A-0B76-44C3-A530-8312C1B40030}.Release|Mixed Platforms.Build.0 = Release|Any CPU
		{022EDA6A-0B76-44C3-A530-8312C1B40030}.Release|x86.ActiveCfg = Release|Any CPU
		{022EDA6A-0B76-44C3-A530-8312C1B40030}.SingleImage|Any CPU.ActiveCfg = Part1|Any CPU
		{022EDA6A-0B76-44C3-A530-8312C1B40030}.SingleImage|Any CPU.Build.0 = Part1|Any CPU
		{022EDA6A-0B76-44C3-A530-8312C1B40030}.SingleImage|Mixed Platforms.ActiveCfg = Part1|Any CPU
		{022EDA6A-0B76-44C3-A530-8312C1B40030}.SingleImage|Mixed Platforms.Build.0 = Part1|Any CPU
		{022EDA6A-0B76-44C3-A530-8312C1B40030}.SingleImage|x86.ActiveCfg = Part1|Any CPU
		{9F6C6B29-33C2-462F-AC15-D82CD63E0387}.CD_ROM|Any CPU.ActiveCfg = CD_ROM
		{9F6C6B29-33C2-462F-AC15-D82CD63E0387}.CD_ROM|Any CPU.Build.0 = CD_ROM
		{9F6C6B29-33C2-462F-AC15-D82CD63E0387}.CD_ROM|Mixed Platforms.ActiveCfg = CD_ROM
		{9F6C6B29-33C2-462F-AC15-D82CD63E0387}.CD_ROM|Mixed Platforms.Build.0 = CD_ROM
		{9F6C6B29-33C2-462F-AC15-D82CD63E0387}.CD_ROM|x86.ActiveCfg = CD_ROM
		{9F6C6B29-33C2-462F-AC15-D82CD63E0387}.CD_ROM|x86.Build.0 = CD_ROM
		{9F6C6B29-33C2-462F-AC15-D82CD63E0387}.Debug|Any CPU.ActiveCfg = DVD-5
		{9F6C6B29-33C2-462F-AC15-D82CD63E0387}.Debug|Any CPU.Build.0 = DVD-5
		{9F6C6B29-33C2-462F-AC15-D82CD63E0387}.Debug|Mixed Platforms.ActiveCfg = DVD-5
		{9F6C6B29-33C2-462F-AC15-D82CD63E0387}.Debug|Mixed Platforms.Build.0 = DVD-5
		{9F6C6B29-33C2-462F-AC15-D82CD63E0387}.Debug|x86.ActiveCfg = DVD-5
		{9F6C6B29-33C2-462F-AC15-D82CD63E0387}.Debug|x86.Build.0 = DVD-5
		{9F6C6B29-33C2-462F-AC15-D82CD63E0387}.DVD-5|Any CPU.ActiveCfg = DVD-5
		{9F6C6B29-33C2-462F-AC15-D82CD63E0387}.DVD-5|Any CPU.Build.0 = DVD-5
		{9F6C6B29-33C2-462F-AC15-D82CD63E0387}.DVD-5|Mixed Platforms.ActiveCfg = DVD-5
		{9F6C6B29-33C2-462F-AC15-D82CD63E0387}.DVD-5|Mixed Platforms.Build.0 = DVD-5
		{9F6C6B29-33C2-462F-AC15-D82CD63E0387}.DVD-5|x86.ActiveCfg = DVD-5
		{9F6C6B29-33C2-462F-AC15-D82CD63E0387}.DVD-5|x86.Build.0 = DVD-5
		{9F6C6B29-33C2-462F-AC15-D82CD63E0387}.Part1|Any CPU.ActiveCfg = SingleImage
		{9F6C6B29-33C2-462F-AC15-D82CD63E0387}.Part1|Any CPU.Build.0 = SingleImage
		{9F6C6B29-33C2-462F-AC15-D82CD63E0387}.Part1|Mixed Platforms.ActiveCfg = SingleImage
		{9F6C6B29-33C2-462F-AC15-D82CD63E0387}.Part1|Mixed Platforms.Build.0 = SingleImage
		{9F6C6B29-33C2-462F-AC15-D82CD63E0387}.Part1|x86.ActiveCfg = SingleImage
		{9F6C6B29-33C2-462F-AC15-D82CD63E0387}.Part1|x86.Build.0 = SingleImage
		{9F6C6B29-33C2-462F-AC15-D82CD63E0387}.Release|Any CPU.ActiveCfg = SingleImage
		{9F6C6B29-33C2-462F-AC15-D82CD63E0387}.Release|Any CPU.Build.0 = SingleImage
		{9F6C6B29-33C2-462F-AC15-D82CD63E0387}.Release|Mixed Platforms.ActiveCfg = SingleImage
		{9F6C6B29-33C2-462F-AC15-D82CD63E0387}.Release|Mixed Platforms.Build.0 = SingleImage
		{9F6C6B29-33C2-462F-AC15-D82CD63E0387}.Release|x86.ActiveCfg = SingleImage
		{9F6C6B29-33C2-462F-AC15-D82CD63E0387}.Release|x86.Build.0 = SingleImage
		{9F6C6B29-33C2-462F-AC15-D82CD63E0387}.SingleImage|Any CPU.ActiveCfg = SingleImage
		{9F6C6B29-33C2-462F-AC15-D82CD63E0387}.SingleImage|Any CPU.Build.0 = SingleImage
		{9F6C6B29-33C2-462F-AC15-D82CD63E0387}.SingleImage|Mixed Platforms.ActiveCfg = SingleImage
		{9F6C6B29-33C2-462F-AC15-D82CD63E0387}.SingleImage|Mixed Platforms.Build.0 = SingleImage
		{9F6C6B29-33C2-462F-AC15-D82CD63E0387}.SingleImage|x86.ActiveCfg = SingleImage
		{9F6C6B29-33C2-462F-AC15-D82CD63E0387}.SingleImage|x86.Build.0 = SingleImage
	EndGlobalSection
	GlobalSection(SolutionProperties) = preSolution
		HideSolutionNode = FALSE
	EndGlobalSection
EndGlobal
