
Microsoft Visual Studio Solution File, Format Version 11.00
# Visual C++ Express 2010
Project("{8BC9CEB8-8B4A-11D0-8D11-00A0C91BC942}") = "EyesStateDetect", "EyesStateDetect\EyesStateDetect.vcxproj", "{98F03170-0FCE-4DD6-839C-56178B51FA44}"
EndProject
Project("{8BC9CEB8-8B4A-11D0-8D11-00A0C91BC942}") = "EyesStateTrain", "EyesStateTrain\EyesStateTrain.vcxproj", "{BEEEDDF4-6A35-49A6-BBBB-0362BF57D388}"
EndProject
Project("{8BC9CEB8-8B4A-11D0-8D11-00A0C91BC942}") = "EyesStateRecord", "EyesStateRecord\EyesStateRecord.vcxproj", "{42B104DB-815B-403C-BB34-F37671E7F326}"
EndProject
Project("{8BC9CEB8-8B4A-11D0-8D11-00A0C91BC942}") = "FacetrackerRecord", "FaceTrackerRecord\FacetrackerRecord.vcxproj", "{3F606BBE-AF85-4CBA-BB01-0DE62E124E9B}"
EndProject
Global
	GlobalSection(SolutionConfigurationPlatforms) = preSolution
		Debug|Win32 = Debug|Win32
		Release|Win32 = Release|Win32
	EndGlobalSection
	GlobalSection(ProjectConfigurationPlatforms) = postSolution
		{98F03170-0FCE-4DD6-839C-56178B51FA44}.Debug|Win32.ActiveCfg = Debug|Win32
		{98F03170-0FCE-4DD6-839C-56178B51FA44}.Debug|Win32.Build.0 = Debug|Win32
		{98F03170-0FCE-4DD6-839C-56178B51FA44}.Release|Win32.ActiveCfg = Release|Win32
		{98F03170-0FCE-4DD6-839C-56178B51FA44}.Release|Win32.Build.0 = Release|Win32
		{BEEEDDF4-6A35-49A6-BBBB-0362BF57D388}.Debug|Win32.ActiveCfg = Debug|Win32
		{BEEEDDF4-6A35-49A6-BBBB-0362BF57D388}.Debug|Win32.Build.0 = Debug|Win32
		{BEEEDDF4-6A35-49A6-BBBB-0362BF57D388}.Release|Win32.ActiveCfg = Release|Win32
		{BEEEDDF4-6A35-49A6-BBBB-0362BF57D388}.Release|Win32.Build.0 = Release|Win32
		{42B104DB-815B-403C-BB34-F37671E7F326}.Debug|Win32.ActiveCfg = Debug|Win32
		{42B104DB-815B-403C-BB34-F37671E7F326}.Debug|Win32.Build.0 = Debug|Win32
		{42B104DB-815B-403C-BB34-F37671E7F326}.Release|Win32.ActiveCfg = Release|Win32
		{42B104DB-815B-403C-BB34-F37671E7F326}.Release|Win32.Build.0 = Release|Win32
		{3F606BBE-AF85-4CBA-BB01-0DE62E124E9B}.Debug|Win32.ActiveCfg = Debug|Win32
		{3F606BBE-AF85-4CBA-BB01-0DE62E124E9B}.Debug|Win32.Build.0 = Debug|Win32
		{3F606BBE-AF85-4CBA-BB01-0DE62E124E9B}.Release|Win32.ActiveCfg = Release|Win32
		{3F606BBE-AF85-4CBA-BB01-0DE62E124E9B}.Release|Win32.Build.0 = Release|Win32
	EndGlobalSection
	GlobalSection(SolutionProperties) = preSolution
		HideSolutionNode = FALSE
	EndGlobalSection
EndGlobal
