
Microsoft Visual Studio Solution File, Format Version 11.00
# Visual Studio 2010
Project("{FAE04EC0-301F-11D3-BF4B-00C04F79EFBC}") = "MouseApp2", "MouseApp2.csproj", "{FDE9B5F4-0654-4A21-BC10-155C8DDF5B87}"
EndProject
Global
	GlobalSection(SolutionConfigurationPlatforms) = preSolution
		Debug|Any CPU = Debug|Any CPU
		Release|Any CPU = Release|Any CPU
	EndGlobalSection
	GlobalSection(ProjectConfigurationPlatforms) = postSolution
		{FDE9B5F4-0654-4A21-BC10-155C8DDF5B87}.Debug|Any CPU.ActiveCfg = Debug|Any CPU
		{FDE9B5F4-0654-4A21-BC10-155C8DDF5B87}.Debug|Any CPU.Build.0 = Debug|Any CPU
		{FDE9B5F4-0654-4A21-BC10-155C8DDF5B87}.Release|Any CPU.ActiveCfg = Release|Any CPU
		{FDE9B5F4-0654-4A21-BC10-155C8DDF5B87}.Release|Any CPU.Build.0 = Release|Any CPU
	EndGlobalSection
	GlobalSection(SolutionProperties) = preSolution
		HideSolutionNode = FALSE
	EndGlobalSection
EndGlobal
