
Microsoft Visual Studio Solution File, Format Version 11.00
# Visual Studio 2010
Project("{8BC9CEB8-8B4A-11D0-8D11-00A0C91BC942}") = "KeyboardLibrary", "KeyboardLibrary\KeyboardLibrary.vcxproj", "{EBA09C25-1E80-4057-A83B-50F2ABBFE4B8}"
EndProject
Project("{FAE04EC0-301F-11D3-BF4B-00C04F79EFBC}") = "KeyboardLibraryTester", "..\KeyboardLibraryTester\KeyboardLibraryTester\KeyboardLibraryTester.csproj", "{E89A345E-5C1F-47AB-86E5-1B91F83F7FA5}"
EndProject
Global
	GlobalSection(SolutionConfigurationPlatforms) = preSolution
		Debug|Mixed Platforms = Debug|Mixed Platforms
		Debug|Win32 = Debug|Win32
		Debug|x86 = Debug|x86
		Release|Mixed Platforms = Release|Mixed Platforms
		Release|Win32 = Release|Win32
		Release|x86 = Release|x86
	EndGlobalSection
	GlobalSection(ProjectConfigurationPlatforms) = postSolution
		{EBA09C25-1E80-4057-A83B-50F2ABBFE4B8}.Debug|Mixed Platforms.ActiveCfg = Debug|Win32
		{EBA09C25-1E80-4057-A83B-50F2ABBFE4B8}.Debug|Mixed Platforms.Build.0 = Debug|Win32
		{EBA09C25-1E80-4057-A83B-50F2ABBFE4B8}.Debug|Win32.ActiveCfg = Debug|Win32
		{EBA09C25-1E80-4057-A83B-50F2ABBFE4B8}.Debug|Win32.Build.0 = Debug|Win32
		{EBA09C25-1E80-4057-A83B-50F2ABBFE4B8}.Debug|x86.ActiveCfg = Debug|Win32
		{EBA09C25-1E80-4057-A83B-50F2ABBFE4B8}.Release|Mixed Platforms.ActiveCfg = Release|Win32
		{EBA09C25-1E80-4057-A83B-50F2ABBFE4B8}.Release|Mixed Platforms.Build.0 = Release|Win32
		{EBA09C25-1E80-4057-A83B-50F2ABBFE4B8}.Release|Win32.ActiveCfg = Release|Win32
		{EBA09C25-1E80-4057-A83B-50F2ABBFE4B8}.Release|Win32.Build.0 = Release|Win32
		{EBA09C25-1E80-4057-A83B-50F2ABBFE4B8}.Release|x86.ActiveCfg = Release|Win32
		{E89A345E-5C1F-47AB-86E5-1B91F83F7FA5}.Debug|Mixed Platforms.ActiveCfg = Debug|x86
		{E89A345E-5C1F-47AB-86E5-1B91F83F7FA5}.Debug|Mixed Platforms.Build.0 = Debug|x86
		{E89A345E-5C1F-47AB-86E5-1B91F83F7FA5}.Debug|Win32.ActiveCfg = Debug|x86
		{E89A345E-5C1F-47AB-86E5-1B91F83F7FA5}.Debug|x86.ActiveCfg = Debug|x86
		{E89A345E-5C1F-47AB-86E5-1B91F83F7FA5}.Debug|x86.Build.0 = Debug|x86
		{E89A345E-5C1F-47AB-86E5-1B91F83F7FA5}.Release|Mixed Platforms.ActiveCfg = Release|x86
		{E89A345E-5C1F-47AB-86E5-1B91F83F7FA5}.Release|Mixed Platforms.Build.0 = Release|x86
		{E89A345E-5C1F-47AB-86E5-1B91F83F7FA5}.Release|Win32.ActiveCfg = Release|x86
		{E89A345E-5C1F-47AB-86E5-1B91F83F7FA5}.Release|x86.ActiveCfg = Release|x86
		{E89A345E-5C1F-47AB-86E5-1B91F83F7FA5}.Release|x86.Build.0 = Release|x86
	EndGlobalSection
	GlobalSection(SolutionProperties) = preSolution
		HideSolutionNode = FALSE
	EndGlobalSection
EndGlobal
