
Microsoft Visual Studio Solution File, Format Version 11.00
# Visual Studio 2010
Project("{8BC9CEB8-8B4A-11D0-8D11-00A0C91BC942}") = "PhoneBridge", "PhoneBridge\PhoneBridge.vcxproj", "{952CCC97-38F5-4ECD-9C49-D4BD3F273701}"
EndProject
Global
	GlobalSection(SolutionConfigurationPlatforms) = preSolution
		Debug|Win32 = Debug|Win32
		Release|Win32 = Release|Win32
	EndGlobalSection
	GlobalSection(ProjectConfigurationPlatforms) = postSolution
		{952CCC97-38F5-4ECD-9C49-D4BD3F273701}.Debug|Win32.ActiveCfg = Debug|Win32
		{952CCC97-38F5-4ECD-9C49-D4BD3F273701}.Debug|Win32.Build.0 = Debug|Win32
		{952CCC97-38F5-4ECD-9C49-D4BD3F273701}.Release|Win32.ActiveCfg = Release|Win32
		{952CCC97-38F5-4ECD-9C49-D4BD3F273701}.Release|Win32.Build.0 = Release|Win32
	EndGlobalSection
	GlobalSection(SolutionProperties) = preSolution
		HideSolutionNode = FALSE
	EndGlobalSection
EndGlobal
